{
  "name": "land-grab-2-1",
  "lockfileVersion": 2,
  "requires": true,
  "packages": {
    "": {
      "dependencies": {
        "typer": "^1.1.0"
      }
    },
    "node_modules/typer": {
      "version": "1.1.0",
      "resolved": "https://registry.npmjs.org/typer/-/typer-1.1.0.tgz",
      "integrity": "sha512-AIZSmBvew5Zzx+BJS8OHhXfN6eQYlaRqLxYldrG3Zmf0CPQgOWBxV16ogcLwikU39ukQN1yUMkbTDNDa/AEDxw=="
    }
  },
  "dependencies": {
    "typer": {
      "version": "1.1.0",
      "resolved": "https://registry.npmjs.org/typer/-/typer-1.1.0.tgz",
      "integrity": "sha512-AIZSmBvew5Zzx+BJS8OHhXfN6eQYlaRqLxYldrG3Zmf0CPQgOWBxV16ogcLwikU39ukQN1yUMkbTDNDa/AEDxw=="
    }
  }
}
